
Microsoft Visual Studio Solution File, Format Version 12.00
# Visual Studio Version 17
VisualStudioVersion = 17.5.33424.131
MinimumVisualStudioVersion = 10.0.40219.1
Project("{FAE04EC0-301F-11D3-BF4B-00C04F79EFBC}") = "veriTabanıGörüntüleme", "veriTabanıGörüntüleme\veriTabanıGörüntüleme.csproj", "{6C678C63-32E4-4159-A301-4A35C3C5F8B7}"
EndProject
Global
	GlobalSection(SolutionConfigurationPlatforms) = preSolution
		Debug|Any CPU = Debug|Any CPU
		Release|Any CPU = Release|Any CPU
	EndGlobalSection
	GlobalSection(ProjectConfigurationPlatforms) = postSolution
		{6C678C63-32E4-4159-A301-4A35C3C5F8B7}.Debug|Any CPU.ActiveCfg = Debug|Any CPU
		{6C678C63-32E4-4159-A301-4A35C3C5F8B7}.Debug|Any CPU.Build.0 = Debug|Any CPU
		{6C678C63-32E4-4159-A301-4A35C3C5F8B7}.Release|Any CPU.ActiveCfg = Release|Any CPU
		{6C678C63-32E4-4159-A301-4A35C3C5F8B7}.Release|Any CPU.Build.0 = Release|Any CPU
	EndGlobalSection
	GlobalSection(SolutionProperties) = preSolution
		HideSolutionNode = FALSE
	EndGlobalSection
	GlobalSection(ExtensibilityGlobals) = postSolution
		SolutionGuid = {9AEFD821-278A-42D2-A383-009338BC0FF6}
	EndGlobalSection
EndGlobal
